
Microsoft Visual Studio Solution File, Format Version 12.00
# Visual Studio Version 17
VisualStudioVersion = 17.4.33110.190
MinimumVisualStudioVersion = 10.0.40219.1
Project("{FAE04EC0-301F-11D3-BF4B-00C04F79EFBC}") = "ElephantsAzure", "ElephantsAzure\ElephantsAzure.csproj", "{EBCA6515-1587-49D5-A0BB-2F104CCDBBA3}"
EndProject
Global
	GlobalSection(SolutionConfigurationPlatforms) = preSolution
		Debug|Any CPU = Debug|Any CPU
		Release|Any CPU = Release|Any CPU
	EndGlobalSection
	GlobalSection(ProjectConfigurationPlatforms) = postSolution
		{EBCA6515-1587-49D5-A0BB-2F104CCDBBA3}.Debug|Any CPU.ActiveCfg = Debug|Any CPU
		{EBCA6515-1587-49D5-A0BB-2F104CCDBBA3}.Debug|Any CPU.Build.0 = Debug|Any CPU
		{EBCA6515-1587-49D5-A0BB-2F104CCDBBA3}.Release|Any CPU.ActiveCfg = Release|Any CPU
		{EBCA6515-1587-49D5-A0BB-2F104CCDBBA3}.Release|Any CPU.Build.0 = Release|Any CPU
	EndGlobalSection
	GlobalSection(SolutionProperties) = preSolution
		HideSolutionNode = FALSE
	EndGlobalSection
	GlobalSection(ExtensibilityGlobals) = postSolution
		SolutionGuid = {F3F3B5A1-C0A1-490A-B6BB-3DBF60BA5C80}
	EndGlobalSection
EndGlobal
